// !$*UTF8*$!
{
	archiveVersion = 1;
	classes = {
	};
	objectVersion = 56;
	objects = {

/* Begin PBXBuildFile section */
		DB8ABABD2AE10A3A001557FE /* AppDelegate.swift in Sources */ = {isa = PBXBuildFile; fileRef = DB8ABABC2AE10A3A001557FE /* AppDelegate.swift */; };
		DB8ABABF2AE10A3A001557FE /* SceneDelegate.swift in Sources */ = {isa = PBXBuildFile; fileRef = DB8ABABE2AE10A3A001557FE /* SceneDelegate.swift */; };
		DB8ABAC12AE10A3A001557FE /* ViewController.swift in Sources */ = {isa = PBXBuildFile; fileRef = DB8ABAC02AE10A3A001557FE /* ViewController.swift */; };
		DB8ABAC42AE10A3A001557FE /* Main.storyboard in Resources */ = {isa = PBXBuildFile; fileRef = DB8ABAC22AE10A3A001557FE /* Main.storyboard */; };
		DB8ABAC62AE10A3B001557FE /* Assets.xcassets in Resources */ = {isa = PBXBuildFile; fileRef = DB8ABAC52AE10A3B001557FE /* Assets.xcassets */; };
		DB8ABAC92AE10A3B001557FE /* LaunchScreen.storyboard in Resources */ = {isa = PBXBuildFile; fileRef = DB8ABAC72AE10A3B001557FE /* LaunchScreen.storyboard */; };
		DB8ABAD12AE10C4F001557FE /* TableViewController.swift in Sources */ = {isa = PBXBuildFile; fileRef = DB8ABAD02AE10C4F001557FE /* TableViewController.swift */; };
		DB8ABAD32AE10C98001557FE /* NationalPark.swift in Sources */ = {isa = PBXBuildFile; fileRef = DB8ABAD22AE10C98001557FE /* NationalPark.swift */; };
		DB8ABAD52AE13885001557FE /* MapViewController.swift in Sources */ = {isa = PBXBuildFile; fileRef = DB8ABAD42AE13885001557FE /* MapViewController.swift */; };
/* End PBXBuildFile section */

/* Begin PBXFileReference section */
		DB8ABAB92AE10A3A001557FE /* ParksMapView.app */ = {isa = PBXFileReference; explicitFileType = wrapper.application; includeInIndex = 0; path = ParksMapView.app; sourceTree = BUILT_PRODUCTS_DIR; };
		DB8ABABC2AE10A3A001557FE /* AppDelegate.swift */ = {isa = PBXFileReference; lastKnownFileType = sourcecode.swift; path = AppDelegate.swift; sourceTree = "<group>"; };
		DB8ABABE2AE10A3A001557FE /* SceneDelegate.swift */ = {isa = PBXFileReference; lastKnownFileType = sourcecode.swift; path = SceneDelegate.swift; sourceTree = "<group>"; };
		DB8ABAC02AE10A3A001557FE /* ViewController.swift */ = {isa = PBXFileReference; lastKnownFileType = sourcecode.swift; path = ViewController.swift; sourceTree = "<group>"; };
		DB8ABAC32AE10A3A001557FE /* Base */ = {isa = PBXFileReference; lastKnownFileType = file.storyboard; name = Base; path = Base.lproj/Main.storyboard; sourceTree = "<group>"; };
		DB8ABAC52AE10A3B001557FE /* Assets.xcassets */ = {isa = PBXFileReference; lastKnownFileType = folder.assetcatalog; path = Assets.xcassets; sourceTree = "<group>"; };
		DB8ABAC82AE10A3B001557FE /* Base */ = {isa = PBXFileReference; lastKnownFileType = file.storyboard; name = Base; path = Base.lproj/LaunchScreen.storyboard; sourceTree = "<group>"; };
		DB8ABACA2AE10A3B001557FE /* Info.plist */ = {isa = PBXFileReference; lastKnownFileType = text.plist.xml; path = Info.plist; sourceTree = "<group>"; };
		DB8ABAD02AE10C4F001557FE /* TableViewController.swift */ = {isa = PBXFileReference; lastKnownFileType = sourcecode.swift; path = TableViewController.swift; sourceTree = "<group>"; };
		DB8ABAD22AE10C98001557FE /* NationalPark.swift */ = {isa = PBXFileReference; lastKnownFileType = sourcecode.swift; path = NationalPark.swift; sourceTree = "<group>"; };
		DB8ABAD42AE13885001557FE /* MapViewController.swift */ = {isa = PBXFileReference; lastKnownFileType = sourcecode.swift; path = MapViewController.swift; sourceTree = "<group>"; };
/* End PBXFileReference section */

/* Begin PBXFrameworksBuildPhase section */
		DB8ABAB62AE10A3A001557FE /* Frameworks */ = {
			isa = PBXFrameworksBuildPhase;
			buildActionMask = 2147483647;
			files = (
			);
			runOnlyForDeploymentPostprocessing = 0;
		};
/* End PBXFrameworksBuildPhase section */

/* Begin PBXGroup section */
		DB8ABAB02AE10A3A001557FE = {
			isa = PBXGroup;
			children = (
				DB8ABABB2AE10A3A001557FE /* ParksMapView */,
				DB8ABABA2AE10A3A001557FE /* Products */,
			);
			sourceTree = "<group>";
		};
		DB8ABABA2AE10A3A001557FE /* Products */ = {
			isa = PBXGroup;
			children = (
				DB8ABAB92AE10A3A001557FE /* ParksMapView.app */,
			);
			name = Products;
			sourceTree = "<group>";
		};
		DB8ABABB2AE10A3A001557FE /* ParksMapView */ = {
			isa = PBXGroup;
			children = (
				DB8ABABC2AE10A3A001557FE /* AppDelegate.swift */,
				DB8ABABE2AE10A3A001557FE /* SceneDelegate.swift */,
				DB8ABAC02AE10A3A001557FE /* ViewController.swift */,
				DB8ABAD42AE13885001557FE /* MapViewController.swift */,
				DB8ABAD02AE10C4F001557FE /* TableViewController.swift */,
				DB8ABAD22AE10C98001557FE /* NationalPark.swift */,
				DB8ABAC22AE10A3A001557FE /* Main.storyboard */,
				DB8ABAC52AE10A3B001557FE /* Assets.xcassets */,
				DB8ABAC72AE10A3B001557FE /* LaunchScreen.storyboard */,
				DB8ABACA2AE10A3B001557FE /* Info.plist */,
			);
			path = ParksMapView;
			sourceTree = "<group>";
		};
/* End PBXGroup section */

/* Begin PBXNativeTarget section */
		DB8ABAB82AE10A3A001557FE /* ParksMapView */ = {
			isa = PBXNativeTarget;
			buildConfigurationList = DB8ABACD2AE10A3B001557FE /* Build configuration list for PBXNativeTarget "ParksMapView" */;
			buildPhases = (
				DB8ABAB52AE10A3A001557FE /* Sources */,
				DB8ABAB62AE10A3A001557FE /* Frameworks */,
				DB8ABAB72AE10A3A001557FE /* Resources */,
			);
			buildRules = (
			);
			dependencies = (
			);
			name = ParksMapView;
			productName = ParksMapView;
			productReference = DB8ABAB92AE10A3A001557FE /* ParksMapView.app */;
			productType = "com.apple.product-type.application";
		};
/* End PBXNativeTarget section */

/* Begin PBXProject section */
		DB8ABAB12AE10A3A001557FE /* Project object */ = {
			isa = PBXProject;
			attributes = {
				BuildIndependentTargetsInParallel = 1;
				LastSwiftUpdateCheck = 1500;
				LastUpgradeCheck = 1500;
				TargetAttributes = {
					DB8ABAB82AE10A3A001557FE = {
						CreatedOnToolsVersion = 15.0;
					};
				};
			};
			buildConfigurationList = DB8ABAB42AE10A3A001557FE /* Build configuration list for PBXProject "ParksMapView" */;
			compatibilityVersion = "Xcode 14.0";
			developmentRegion = en;
			hasScannedForEncodings = 0;
			knownRegions = (
				en,
				Base,
			);
			mainGroup = DB8ABAB02AE10A3A001557FE;
			productRefGroup = DB8ABABA2AE10A3A001557FE /* Products */;
			projectDirPath = "";
			projectRoot = "";
			targets = (
				DB8ABAB82AE10A3A001557FE /* ParksMapView */,
			);
		};
/* End PBXProject section */

/* Begin PBXResourcesBuildPhase section */
		DB8ABAB72AE10A3A001557FE /* Resources */ = {
			isa = PBXResourcesBuildPhase;
			buildActionMask = 2147483647;
			files = (
				DB8ABAC92AE10A3B001557FE /* LaunchScreen.storyboard in Resources */,
				DB8ABAC62AE10A3B001557FE /* Assets.xcassets in Resources */,
				DB8ABAC42AE10A3A001557FE /* Main.storyboard in Resources */,
			);
			runOnlyForDeploymentPostprocessing = 0;
		};
/* End PBXResourcesBuildPhase section */

/* Begin PBXSourcesBuildPhase section */
		DB8ABAB52AE10A3A001557FE /* Sources */ = {
			isa = PBXSourcesBuildPhase;
			buildActionMask = 2147483647;
			files = (
				DB8ABAD32AE10C98001557FE /* NationalPark.swift in Sources */,
				DB8ABAD52AE13885001557FE /* MapViewController.swift in Sources */,
				DB8ABAC12AE10A3A001557FE /* ViewController.swift in Sources */,
				DB8ABABD2AE10A3A001557FE /* AppDelegate.swift in Sources */,
				DB8ABABF2AE10A3A001557FE /* SceneDelegate.swift in Sources */,
				DB8ABAD12AE10C4F001557FE /* TableViewController.swift in Sources */,
			);
			runOnlyForDeploymentPostprocessing = 0;
		};
/* End PBXSourcesBuildPhase section */

/* Begin PBXVariantGroup section */
		DB8ABAC22AE10A3A001557FE /* Main.storyboard */ = {
			isa = PBXVariantGroup;
			children = (
				DB8ABAC32AE10A3A001557FE /* Base */,
			);
			name = Main.storyboard;
			sourceTree = "<group>";
		};
		DB8ABAC72AE10A3B001557FE /* LaunchScreen.storyboard */ = {
			isa = PBXVariantGroup;
			children = (
				DB8ABAC82AE10A3B001557FE /* Base */,
			);
			name = LaunchScreen.storyboard;
			sourceTree = "<group>";
		};
/* End PBXVariantGroup section */

/* Begin XCBuildConfiguration section */
		DB8ABACB2AE10A3B001557FE /* Debug */ = {
			isa = XCBuildConfiguration;
			buildSettings = {
				ALWAYS_SEARCH_USER_PATHS = NO;
				ASSETCATALOG_COMPILER_GENERATE_SWIFT_ASSET_SYMBOL_EXTENSIONS = YES;
				CLANG_ANALYZER_NONNULL = YES;
				CLANG_ANALYZER_NUMBER_OBJECT_CONVERSION = YES_AGGRESSIVE;
				CLANG_CXX_LANGUAGE_STANDARD = "gnu++20";
				CLANG_ENABLE_MODULES = YES;
				CLANG_ENABLE_OBJC_ARC = YES;
				CLANG_ENABLE_OBJC_WEAK = YES;
				CLANG_WARN_BLOCK_CAPTURE_AUTORELEASING = YES;
				CLANG_WARN_BOOL_CONVERSION = YES;
				CLANG_WARN_COMMA = YES;
				CLANG_WARN_CONSTANT_CONVERSION = YES;
				CLANG_WARN_DEPRECATED_OBJC_IMPLEMENTATIONS = YES;
				CLANG_WARN_DIRECT_OBJC_ISA_USAGE = YES_ERROR;
				CLANG_WARN_DOCUMENTATION_COMMENTS = YES;
				CLANG_WARN_EMPTY_BODY = YES;
				CLANG_WARN_ENUM_CONVERSION = YES;
				CLANG_WARN_INFINITE_RECURSION = YES;
				CLANG_WARN_INT_CONVERSION = YES;
				CLANG_WARN_NON_LITERAL_NULL_CONVERSION = YES;
				CLANG_WARN_OBJC_IMPLICIT_RETAIN_SELF = YES;
				CLANG_WARN_OBJC_LITERAL_CONVERSION = YES;
				CLANG_WARN_OBJC_ROOT_CLASS = YES_ERROR;
				CLANG_WARN_QUOTED_INCLUDE_IN_FRAMEWORK_HEADER = YES;
				CLANG_WARN_RANGE_LOOP_ANALYSIS = YES;
				CLANG_WARN_STRICT_PROTOTYPES = YES;
				CLANG_WARN_SUSPICIOUS_MOVE = YES;
				CLANG_WARN_UNGUARDED_AVAILABILITY = YES_AGGRESSIVE;
				CLANG_WARN_UNREACHABLE_CODE = YES;
				CLANG_WARN__DUPLICATE_METHOD_MATCH = YES;
				COPY_PHASE_STRIP = NO;
				DEBUG_INFORMATION_FORMAT = dwarf;
				ENABLE_STRICT_OBJC_MSGSEND = YES;
				ENABLE_TESTABILITY = YES;
				ENABLE_USER_SCRIPT_SANDBOXING = YES;
				GCC_C_LANGUAGE_STANDARD = gnu17;
				GCC_DYNAMIC_NO_PIC = NO;
				GCC_NO_COMMON_BLOCKS = YES;
				GCC_OPTIMIZATION_LEVEL = 0;
				GCC_PREPROCESSOR_DEFINITIONS = (
					"DEBUG=1",
					"$(inherited)",
				);
				GCC_WARN_64_TO_32_BIT_CONVERSION = YES;
				GCC_WARN_ABOUT_RETURN_TYPE = YES_ERROR;
				GCC_WARN_UNDECLARED_SELECTOR = YES;
				GCC_WARN_UNINITIALIZED_AUTOS = YES_AGGRESSIVE;
				GCC_WARN_UNUSED_FUNCTION = YES;
				GCC_WARN_UNUSED_VARIABLE = YES;
				IPHONEOS_DEPLOYMENT_TARGET = 17.0;
				LOCALIZATION_PREFERS_STRING_CATALOGS = YES;
				MTL_ENABLE_DEBUG_INFO = INCLUDE_SOURCE;
				MTL_FAST_MATH = YES;
				ONLY_ACTIVE_ARCH = YES;
				SDKROOT = iphoneos;
				SWIFT_ACTIVE_COMPILATION_CONDITIONS = "DEBUG $(inherited)";
				SWIFT_OPTIMIZATION_LEVEL = "-Onone";
			};
			name = Debug;
		};
		DB8ABACC2AE10A3B001557FE /* Release */ = {
			isa = XCBuildConfiguration;
			buildSettings = {
				ALWAYS_SEARCH_USER_PATHS = NO;
				ASSETCATALOG_COMPILER_GENERATE_SWIFT_ASSET_SYMBOL_EXTENSIONS = YES;
				CLANG_ANALYZER_NONNULL = YES;
				CLANG_ANALYZER_NUMBER_OBJECT_CONVERSION = YES_AGGRESSIVE;
				CLANG_CXX_LANGUAGE_STANDARD = "gnu++20";
				CLANG_ENABLE_MODULES = YES;
				CLANG_ENABLE_OBJC_ARC = YES;
				CLANG_ENABLE_OBJC_WEAK = YES;
				CLANG_WARN_BLOCK_CAPTURE_AUTORELEASING = YES;
				CLANG_WARN_BOOL_CONVERSION = YES;
				CLANG_WARN_COMMA = YES;
				CLANG_WARN_CONSTANT_CONVERSION = YES;
				CLANG_WARN_DEPRECATED_OBJC_IMPLEMENTATIONS = YES;
				CLANG_WARN_DIRECT_OBJC_ISA_USAGE = YES_ERROR;
				CLANG_WARN_DOCUMENTATION_COMMENTS = YES;
				CLANG_WARN_EMPTY_BODY = YES;
				CLANG_WARN_ENUM_CONVERSION = YES;
				CLANG_WARN_INFINITE_RECURSION = YES;
				CLANG_WARN_INT_CONVERSION = YES;
				CLANG_WARN_NON_LITERAL_NULL_CONVERSION = YES;
				CLANG_WARN_OBJC_IMPLICIT_RETAIN_SELF = YES;
				CLANG_WARN_OBJC_LITERAL_CONVERSION = YES;
				CLANG_WARN_OBJC_ROOT_CLASS = YES_ERROR;
				CLANG_WARN_QUOTED_INCLUDE_IN_FRAMEWORK_HEADER = YES;
				CLANG_WARN_RANGE_LOOP_ANALYSIS = YES;
				CLANG_WARN_STRICT_PROTOTYPES = YES;
				CLANG_WARN_SUSPICIOUS_MOVE = YES;
				CLANG_WARN_UNGUARDED_AVAILABILITY = YES_AGGRESSIVE;
				CLANG_WARN_UNREACHABLE_CODE = YES;
				CLANG_WARN__DUPLICATE_METHOD_MATCH = YES;
				COPY_PHASE_STRIP = NO;
				DEBUG_INFORMATION_FORMAT = "dwarf-with-dsym";
				ENABLE_NS_ASSERTIONS = NO;
				ENABLE_STRICT_OBJC_MSGSEND = YES;
				ENABLE_USER_SCRIPT_SANDBOXING = YES;
				GCC_C_LANGUAGE_STANDARD = gnu17;
				GCC_NO_COMMON_BLOCKS = YES;
				GCC_WARN_64_TO_32_BIT_CONVERSION = YES;
				GCC_WARN_ABOUT_RETURN_TYPE = YES_ERROR;
				GCC_WARN_UNDECLARED_SELECTOR = YES;
				GCC_WARN_UNINITIALIZED_AUTOS = YES_AGGRESSIVE;
				GCC_WARN_UNUSED_FUNCTION = YES;
				GCC_WARN_UNUSED_VARIABLE = YES;
				IPHONEOS_DEPLOYMENT_TARGET = 17.0;
				LOCALIZATION_PREFERS_STRING_CATALOGS = YES;
				MTL_ENABLE_DEBUG_INFO = NO;
				MTL_FAST_MATH = YES;
				SDKROOT = iphoneos;
				SWIFT_COMPILATION_MODE = wholemodule;
				VALIDATE_PRODUCT = YES;
			};
			name = Release;
		};
		DB8ABACE2AE10A3B001557FE /* Debug */ = {
			isa = XCBuildConfiguration;
			buildSettings = {
				ASSETCATALOG_COMPILER_APPICON_NAME = AppIcon;
				ASSETCATALOG_COMPILER_GLOBAL_ACCENT_COLOR_NAME = AccentColor;
				CODE_SIGN_STYLE = Automatic;
				CURRENT_PROJECT_VERSION = 1;
				GENERATE_INFOPLIST_FILE = YES;
				INFOPLIST_FILE = ParksMapView/Info.plist;
				INFOPLIST_KEY_UIApplicationSupportsIndirectInputEvents = YES;
				INFOPLIST_KEY_UILaunchStoryboardName = LaunchScreen;
				INFOPLIST_KEY_UIMainStoryboardFile = Main;
				INFOPLIST_KEY_UISupportedInterfaceOrientations_iPad = "UIInterfaceOrientationPortrait UIInterfaceOrientationPortraitUpsideDown UIInterfaceOrientationLandscapeLeft UIInterfaceOrientationLandscapeRight";
				INFOPLIST_KEY_UISupportedInterfaceOrientations_iPhone = "UIInterfaceOrientationPortrait UIInterfaceOrientationLandscapeLeft UIInterfaceOrientationLandscapeRight";
				LD_RUNPATH_SEARCH_PATHS = (
					"$(inherited)",
					"@executable_path/Frameworks",
				);
				MARKETING_VERSION = 1.0;
				PRODUCT_BUNDLE_IDENTIFIER = Aset.ParksMapView;
				PRODUCT_NAME = "$(TARGET_NAME)";
				SWIFT_EMIT_LOC_STRINGS = YES;
				SWIFT_VERSION = 5.0;
				TARGETED_DEVICE_FAMILY = "1,2";
			};
			name = Debug;
		};
		DB8ABACF2AE10A3B001557FE /* Release */ = {
			isa = XCBuildConfiguration;
			buildSettings = {
				ASSETCATALOG_COMPILER_APPICON_NAME = AppIcon;
				ASSETCATALOG_COMPILER_GLOBAL_ACCENT_COLOR_NAME = AccentColor;
				CODE_SIGN_STYLE = Automatic;
				CURRENT_PROJECT_VERSION = 1;
				GENERATE_INFOPLIST_FILE = YES;
				INFOPLIST_FILE = ParksMapView/Info.plist;
				INFOPLIST_KEY_UIApplicationSupportsIndirectInputEvents = YES;
				INFOPLIST_KEY_UILaunchStoryboardName = LaunchScreen;
				INFOPLIST_KEY_UIMainStoryboardFile = Main;
				INFOPLIST_KEY_UISupportedInterfaceOrientations_iPad = "UIInterfaceOrientationPortrait UIInterfaceOrientationPortraitUpsideDown UIInterfaceOrientationLandscapeLeft UIInterfaceOrientationLandscapeRight";
				INFOPLIST_KEY_UISupportedInterfaceOrientations_iPhone = "UIInterfaceOrientationPortrait UIInterfaceOrientationLandscapeLeft UIInterfaceOrientationLandscapeRight";
				LD_RUNPATH_SEARCH_PATHS = (
					"$(inherited)",
					"@executable_path/Frameworks",
				);
				MARKETING_VERSION = 1.0;
				PRODUCT_BUNDLE_IDENTIFIER = Aset.ParksMapView;
				PRODUCT_NAME = "$(TARGET_NAME)";
				SWIFT_EMIT_LOC_STRINGS = YES;
				SWIFT_VERSION = 5.0;
				TARGETED_DEVICE_FAMILY = "1,2";
			};
			name = Release;
		};
/* End XCBuildConfiguration section */

/* Begin XCConfigurationList section */
		DB8ABAB42AE10A3A001557FE /* Build configuration list for PBXProject "ParksMapView" */ = {
			isa = XCConfigurationList;
			buildConfigurations = (
				DB8ABACB2AE10A3B001557FE /* Debug */,
				DB8ABACC2AE10A3B001557FE /* Release */,
			);
			defaultConfigurationIsVisible = 0;
			defaultConfigurationName = Release;
		};
		DB8ABACD2AE10A3B001557FE /* Build configuration list for PBXNativeTarget "ParksMapView" */ = {
			isa = XCConfigurationList;
			buildConfigurations = (
				DB8ABACE2AE10A3B001557FE /* Debug */,
				DB8ABACF2AE10A3B001557FE /* Release */,
			);
			defaultConfigurationIsVisible = 0;
			defaultConfigurationName = Release;
		};
/* End XCConfigurationList section */
	};
	rootObject = DB8ABAB12AE10A3A001557FE /* Project object */;
}
